// !$*UTF8*$!
{
	archiveVersion = 1;
	classes = {
	};
	objectVersion = 55;
	objects = {

/* Begin PBXBuildFile section */
		3CF078DE27BFAE3D003C5328 /* AppDelegate.swift in Sources */ = {isa = PBXBuildFile; fileRef = 3CF078DD27BFAE3D003C5328 /* AppDelegate.swift */; };
		3CF078E027BFAE3D003C5328 /* SceneDelegate.swift in Sources */ = {isa = PBXBuildFile; fileRef = 3CF078DF27BFAE3D003C5328 /* SceneDelegate.swift */; };
		3CF078E227BFAE3D003C5328 /* DynamicNewsViewController.swift in Sources */ = {isa = PBXBuildFile; fileRef = 3CF078E127BFAE3D003C5328 /* DynamicNewsViewController.swift */; };
		3CF078E727BFAE3F003C5328 /* Assets.xcassets in Resources */ = {isa = PBXBuildFile; fileRef = 3CF078E627BFAE3F003C5328 /* Assets.xcassets */; };
		3CF078EA27BFAE3F003C5328 /* LaunchScreen.storyboard in Resources */ = {isa = PBXBuildFile; fileRef = 3CF078E827BFAE3F003C5328 /* LaunchScreen.storyboard */; };
		3CF078F727BFB019003C5328 /* News.swift in Sources */ = {isa = PBXBuildFile; fileRef = 3CF078F627BFB019003C5328 /* News.swift */; };
		3CF078FC27BFB055003C5328 /* String+extension.swift in Sources */ = {isa = PBXBuildFile; fileRef = 3CF078FB27BFB055003C5328 /* String+extension.swift */; };
		3CF078FE27BFB067003C5328 /* UIColor+extension.swift in Sources */ = {isa = PBXBuildFile; fileRef = 3CF078FD27BFB067003C5328 /* UIColor+extension.swift */; };
		3CF0790027BFB090003C5328 /* news.json in Resources */ = {isa = PBXBuildFile; fileRef = 3CF078FF27BFB090003C5328 /* news.json */; };
		3CF0790227BFB12E003C5328 /* StaticNewsViewController.swift in Sources */ = {isa = PBXBuildFile; fileRef = 3CF0790127BFB12E003C5328 /* StaticNewsViewController.swift */; };
		3CF0790527BFB178003C5328 /* Setupable.swift in Sources */ = {isa = PBXBuildFile; fileRef = 3CF0790427BFB178003C5328 /* Setupable.swift */; };
		3CF0790927BFB19D003C5328 /* DynamicArticleTableViewCell.swift in Sources */ = {isa = PBXBuildFile; fileRef = 3CF0790827BFB19D003C5328 /* DynamicArticleTableViewCell.swift */; };
		3CF0790B27BFB1D0003C5328 /* StaticArticleTableViewCell.swift in Sources */ = {isa = PBXBuildFile; fileRef = 3CF0790A27BFB1D0003C5328 /* StaticArticleTableViewCell.swift */; };
/* End PBXBuildFile section */

/* Begin PBXFileReference section */
		3CF078DA27BFAE3D003C5328 /* UITableViewProject.app */ = {isa = PBXFileReference; explicitFileType = wrapper.application; includeInIndex = 0; path = UITableViewProject.app; sourceTree = BUILT_PRODUCTS_DIR; };
		3CF078DD27BFAE3D003C5328 /* AppDelegate.swift */ = {isa = PBXFileReference; lastKnownFileType = sourcecode.swift; path = AppDelegate.swift; sourceTree = "<group>"; };
		3CF078DF27BFAE3D003C5328 /* SceneDelegate.swift */ = {isa = PBXFileReference; lastKnownFileType = sourcecode.swift; path = SceneDelegate.swift; sourceTree = "<group>"; };
		3CF078E127BFAE3D003C5328 /* DynamicNewsViewController.swift */ = {isa = PBXFileReference; lastKnownFileType = sourcecode.swift; path = DynamicNewsViewController.swift; sourceTree = "<group>"; };
		3CF078E627BFAE3F003C5328 /* Assets.xcassets */ = {isa = PBXFileReference; lastKnownFileType = folder.assetcatalog; path = Assets.xcassets; sourceTree = "<group>"; };
		3CF078E927BFAE3F003C5328 /* Base */ = {isa = PBXFileReference; lastKnownFileType = file.storyboard; name = Base; path = Base.lproj/LaunchScreen.storyboard; sourceTree = "<group>"; };
		3CF078EB27BFAE3F003C5328 /* Info.plist */ = {isa = PBXFileReference; lastKnownFileType = text.plist.xml; path = Info.plist; sourceTree = "<group>"; };
		3CF078F627BFB019003C5328 /* News.swift */ = {isa = PBXFileReference; lastKnownFileType = sourcecode.swift; path = News.swift; sourceTree = "<group>"; };
		3CF078FB27BFB055003C5328 /* String+extension.swift */ = {isa = PBXFileReference; lastKnownFileType = sourcecode.swift; path = "String+extension.swift"; sourceTree = "<group>"; };
		3CF078FD27BFB067003C5328 /* UIColor+extension.swift */ = {isa = PBXFileReference; lastKnownFileType = sourcecode.swift; path = "UIColor+extension.swift"; sourceTree = "<group>"; };
		3CF078FF27BFB090003C5328 /* news.json */ = {isa = PBXFileReference; explicitFileType = text.json; path = news.json; sourceTree = "<group>"; };
		3CF0790127BFB12E003C5328 /* StaticNewsViewController.swift */ = {isa = PBXFileReference; lastKnownFileType = sourcecode.swift; path = StaticNewsViewController.swift; sourceTree = "<group>"; };
		3CF0790427BFB178003C5328 /* Setupable.swift */ = {isa = PBXFileReference; lastKnownFileType = sourcecode.swift; path = Setupable.swift; sourceTree = "<group>"; };
		3CF0790827BFB19D003C5328 /* DynamicArticleTableViewCell.swift */ = {isa = PBXFileReference; lastKnownFileType = sourcecode.swift; path = DynamicArticleTableViewCell.swift; sourceTree = "<group>"; };
		3CF0790A27BFB1D0003C5328 /* StaticArticleTableViewCell.swift */ = {isa = PBXFileReference; lastKnownFileType = sourcecode.swift; path = StaticArticleTableViewCell.swift; sourceTree = "<group>"; };
/* End PBXFileReference section */

/* Begin PBXFrameworksBuildPhase section */
		3CF078D727BFAE3D003C5328 /* Frameworks */ = {
			isa = PBXFrameworksBuildPhase;
			buildActionMask = 2147483647;
			files = (
			);
			runOnlyForDeploymentPostprocessing = 0;
		};
/* End PBXFrameworksBuildPhase section */

/* Begin PBXGroup section */
		3CF078D127BFAE3D003C5328 = {
			isa = PBXGroup;
			children = (
				3CF078DC27BFAE3D003C5328 /* UITableViewProject */,
				3CF078DB27BFAE3D003C5328 /* Products */,
			);
			sourceTree = "<group>";
		};
		3CF078DB27BFAE3D003C5328 /* Products */ = {
			isa = PBXGroup;
			children = (
				3CF078DA27BFAE3D003C5328 /* UITableViewProject.app */,
			);
			name = Products;
			sourceTree = "<group>";
		};
		3CF078DC27BFAE3D003C5328 /* UITableViewProject */ = {
			isa = PBXGroup;
			children = (
				3CF078F227BFAE93003C5328 /* AppDelegate */,
				3CF078F827BFB01C003C5328 /* Core */,
				3CF078F327BFAE9A003C5328 /* Presentation */,
				3CF078F127BFAE7D003C5328 /* Resources */,
			);
			path = UITableViewProject;
			sourceTree = "<group>";
		};
		3CF078F127BFAE7D003C5328 /* Resources */ = {
			isa = PBXGroup;
			children = (
				3CF078E627BFAE3F003C5328 /* Assets.xcassets */,
				3CF078E827BFAE3F003C5328 /* LaunchScreen.storyboard */,
				3CF078EB27BFAE3F003C5328 /* Info.plist */,
				3CF078FF27BFB090003C5328 /* news.json */,
			);
			path = Resources;
			sourceTree = "<group>";
		};
		3CF078F227BFAE93003C5328 /* AppDelegate */ = {
			isa = PBXGroup;
			children = (
				3CF078DD27BFAE3D003C5328 /* AppDelegate.swift */,
				3CF078DF27BFAE3D003C5328 /* SceneDelegate.swift */,
			);
			path = AppDelegate;
			sourceTree = "<group>";
		};
		3CF078F327BFAE9A003C5328 /* Presentation */ = {
			isa = PBXGroup;
			children = (
				3CF078F427BFAEA0003C5328 /* Modules */,
				3CF078FA27BFB041003C5328 /* Extensions */,
				3CF0790627BFB17B003C5328 /* Protocols */,
			);
			path = Presentation;
			sourceTree = "<group>";
		};
		3CF078F427BFAEA0003C5328 /* Modules */ = {
			isa = PBXGroup;
			children = (
				3CF078F527BFAEA6003C5328 /* News */,
			);
			path = Modules;
			sourceTree = "<group>";
		};
		3CF078F527BFAEA6003C5328 /* News */ = {
			isa = PBXGroup;
			children = (
				3CF078E127BFAE3D003C5328 /* DynamicNewsViewController.swift */,
				3CF0790127BFB12E003C5328 /* StaticNewsViewController.swift */,
				3CF0790727BFB18C003C5328 /* Cells */,
			);
			path = News;
			sourceTree = "<group>";
		};
		3CF078F827BFB01C003C5328 /* Core */ = {
			isa = PBXGroup;
			children = (
				3CF078F927BFB020003C5328 /* Models */,
			);
			path = Core;
			sourceTree = "<group>";
		};
		3CF078F927BFB020003C5328 /* Models */ = {
			isa = PBXGroup;
			children = (
				3CF078F627BFB019003C5328 /* News.swift */,
			);
			path = Models;
			sourceTree = "<group>";
		};
		3CF078FA27BFB041003C5328 /* Extensions */ = {
			isa = PBXGroup;
			children = (
				3CF078FB27BFB055003C5328 /* String+extension.swift */,
				3CF078FD27BFB067003C5328 /* UIColor+extension.swift */,
			);
			name = Extensions;
			sourceTree = "<group>";
		};
		3CF0790627BFB17B003C5328 /* Protocols */ = {
			isa = PBXGroup;
			children = (
				3CF0790427BFB178003C5328 /* Setupable.swift */,
			);
			path = Protocols;
			sourceTree = "<group>";
		};
		3CF0790727BFB18C003C5328 /* Cells */ = {
			isa = PBXGroup;
			children = (
				3CF0790827BFB19D003C5328 /* DynamicArticleTableViewCell.swift */,
				3CF0790A27BFB1D0003C5328 /* StaticArticleTableViewCell.swift */,
			);
			path = Cells;
			sourceTree = "<group>";
		};
/* End PBXGroup section */

/* Begin PBXNativeTarget section */
		3CF078D927BFAE3D003C5328 /* UITableViewProject */ = {
			isa = PBXNativeTarget;
			buildConfigurationList = 3CF078EE27BFAE3F003C5328 /* Build configuration list for PBXNativeTarget "UITableViewProject" */;
			buildPhases = (
				3CF078D627BFAE3D003C5328 /* Sources */,
				3CF078D727BFAE3D003C5328 /* Frameworks */,
				3CF078D827BFAE3D003C5328 /* Resources */,
			);
			buildRules = (
			);
			dependencies = (
			);
			name = UITableViewProject;
			productName = UITableViewProject;
			productReference = 3CF078DA27BFAE3D003C5328 /* UITableViewProject.app */;
			productType = "com.apple.product-type.application";
		};
/* End PBXNativeTarget section */

/* Begin PBXProject section */
		3CF078D227BFAE3D003C5328 /* Project object */ = {
			isa = PBXProject;
			attributes = {
				BuildIndependentTargetsInParallel = 1;
				LastSwiftUpdateCheck = 1320;
				LastUpgradeCheck = 1320;
				TargetAttributes = {
					3CF078D927BFAE3D003C5328 = {
						CreatedOnToolsVersion = 13.2;
					};
				};
			};
			buildConfigurationList = 3CF078D527BFAE3D003C5328 /* Build configuration list for PBXProject "UITableViewProject" */;
			compatibilityVersion = "Xcode 13.0";
			developmentRegion = en;
			hasScannedForEncodings = 0;
			knownRegions = (
				en,
				Base,
			);
			mainGroup = 3CF078D127BFAE3D003C5328;
			productRefGroup = 3CF078DB27BFAE3D003C5328 /* Products */;
			projectDirPath = "";
			projectRoot = "";
			targets = (
				3CF078D927BFAE3D003C5328 /* UITableViewProject */,
			);
		};
/* End PBXProject section */

/* Begin PBXResourcesBuildPhase section */
		3CF078D827BFAE3D003C5328 /* Resources */ = {
			isa = PBXResourcesBuildPhase;
			buildActionMask = 2147483647;
			files = (
				3CF078EA27BFAE3F003C5328 /* LaunchScreen.storyboard in Resources */,
				3CF0790027BFB090003C5328 /* news.json in Resources */,
				3CF078E727BFAE3F003C5328 /* Assets.xcassets in Resources */,
			);
			runOnlyForDeploymentPostprocessing = 0;
		};
/* End PBXResourcesBuildPhase section */

/* Begin PBXSourcesBuildPhase section */
		3CF078D627BFAE3D003C5328 /* Sources */ = {
			isa = PBXSourcesBuildPhase;
			buildActionMask = 2147483647;
			files = (
				3CF078E227BFAE3D003C5328 /* DynamicNewsViewController.swift in Sources */,
				3CF078FC27BFB055003C5328 /* String+extension.swift in Sources */,
				3CF0790B27BFB1D0003C5328 /* StaticArticleTableViewCell.swift in Sources */,
				3CF078DE27BFAE3D003C5328 /* AppDelegate.swift in Sources */,
				3CF078FE27BFB067003C5328 /* UIColor+extension.swift in Sources */,
				3CF078F727BFB019003C5328 /* News.swift in Sources */,
				3CF078E027BFAE3D003C5328 /* SceneDelegate.swift in Sources */,
				3CF0790927BFB19D003C5328 /* DynamicArticleTableViewCell.swift in Sources */,
				3CF0790227BFB12E003C5328 /* StaticNewsViewController.swift in Sources */,
				3CF0790527BFB178003C5328 /* Setupable.swift in Sources */,
			);
			runOnlyForDeploymentPostprocessing = 0;
		};
/* End PBXSourcesBuildPhase section */

/* Begin PBXVariantGroup section */
		3CF078E827BFAE3F003C5328 /* LaunchScreen.storyboard */ = {
			isa = PBXVariantGroup;
			children = (
				3CF078E927BFAE3F003C5328 /* Base */,
			);
			name = LaunchScreen.storyboard;
			sourceTree = "<group>";
		};
/* End PBXVariantGroup section */

/* Begin XCBuildConfiguration section */
		3CF078EC27BFAE3F003C5328 /* Debug */ = {
			isa = XCBuildConfiguration;
			buildSettings = {
				ALWAYS_SEARCH_USER_PATHS = NO;
				CLANG_ANALYZER_NONNULL = YES;
				CLANG_ANALYZER_NUMBER_OBJECT_CONVERSION = YES_AGGRESSIVE;
				CLANG_CXX_LANGUAGE_STANDARD = "gnu++17";
				CLANG_CXX_LIBRARY = "libc++";
				CLANG_ENABLE_MODULES = YES;
				CLANG_ENABLE_OBJC_ARC = YES;
				CLANG_ENABLE_OBJC_WEAK = YES;
				CLANG_WARN_BLOCK_CAPTURE_AUTORELEASING = YES;
				CLANG_WARN_BOOL_CONVERSION = YES;
				CLANG_WARN_COMMA = YES;
				CLANG_WARN_CONSTANT_CONVERSION = YES;
				CLANG_WARN_DEPRECATED_OBJC_IMPLEMENTATIONS = YES;
				CLANG_WARN_DIRECT_OBJC_ISA_USAGE = YES_ERROR;
				CLANG_WARN_DOCUMENTATION_COMMENTS = YES;
				CLANG_WARN_EMPTY_BODY = YES;
				CLANG_WARN_ENUM_CONVERSION = YES;
				CLANG_WARN_INFINITE_RECURSION = YES;
				CLANG_WARN_INT_CONVERSION = YES;
				CLANG_WARN_NON_LITERAL_NULL_CONVERSION = YES;
				CLANG_WARN_OBJC_IMPLICIT_RETAIN_SELF = YES;
				CLANG_WARN_OBJC_LITERAL_CONVERSION = YES;
				CLANG_WARN_OBJC_ROOT_CLASS = YES_ERROR;
				CLANG_WARN_QUOTED_INCLUDE_IN_FRAMEWORK_HEADER = YES;
				CLANG_WARN_RANGE_LOOP_ANALYSIS = YES;
				CLANG_WARN_STRICT_PROTOTYPES = YES;
				CLANG_WARN_SUSPICIOUS_MOVE = YES;
				CLANG_WARN_UNGUARDED_AVAILABILITY = YES_AGGRESSIVE;
				CLANG_WARN_UNREACHABLE_CODE = YES;
				CLANG_WARN__DUPLICATE_METHOD_MATCH = YES;
				COPY_PHASE_STRIP = NO;
				DEBUG_INFORMATION_FORMAT = dwarf;
				ENABLE_STRICT_OBJC_MSGSEND = YES;
				ENABLE_TESTABILITY = YES;
				GCC_C_LANGUAGE_STANDARD = gnu11;
				GCC_DYNAMIC_NO_PIC = NO;
				GCC_NO_COMMON_BLOCKS = YES;
				GCC_OPTIMIZATION_LEVEL = 0;
				GCC_PREPROCESSOR_DEFINITIONS = (
					"DEBUG=1",
					"$(inherited)",
				);
				GCC_WARN_64_TO_32_BIT_CONVERSION = YES;
				GCC_WARN_ABOUT_RETURN_TYPE = YES_ERROR;
				GCC_WARN_UNDECLARED_SELECTOR = YES;
				GCC_WARN_UNINITIALIZED_AUTOS = YES_AGGRESSIVE;
				GCC_WARN_UNUSED_FUNCTION = YES;
				GCC_WARN_UNUSED_VARIABLE = YES;
				IPHONEOS_DEPLOYMENT_TARGET = 15.2;
				MTL_ENABLE_DEBUG_INFO = INCLUDE_SOURCE;
				MTL_FAST_MATH = YES;
				ONLY_ACTIVE_ARCH = YES;
				SDKROOT = iphoneos;
				SWIFT_ACTIVE_COMPILATION_CONDITIONS = DEBUG;
				SWIFT_OPTIMIZATION_LEVEL = "-Onone";
			};
			name = Debug;
		};
		3CF078ED27BFAE3F003C5328 /* Release */ = {
			isa = XCBuildConfiguration;
			buildSettings = {
				ALWAYS_SEARCH_USER_PATHS = NO;
				CLANG_ANALYZER_NONNULL = YES;
				CLANG_ANALYZER_NUMBER_OBJECT_CONVERSION = YES_AGGRESSIVE;
				CLANG_CXX_LANGUAGE_STANDARD = "gnu++17";
				CLANG_CXX_LIBRARY = "libc++";
				CLANG_ENABLE_MODULES = YES;
				CLANG_ENABLE_OBJC_ARC = YES;
				CLANG_ENABLE_OBJC_WEAK = YES;
				CLANG_WARN_BLOCK_CAPTURE_AUTORELEASING = YES;
				CLANG_WARN_BOOL_CONVERSION = YES;
				CLANG_WARN_COMMA = YES;
				CLANG_WARN_CONSTANT_CONVERSION = YES;
				CLANG_WARN_DEPRECATED_OBJC_IMPLEMENTATIONS = YES;
				CLANG_WARN_DIRECT_OBJC_ISA_USAGE = YES_ERROR;
				CLANG_WARN_DOCUMENTATION_COMMENTS = YES;
				CLANG_WARN_EMPTY_BODY = YES;
				CLANG_WARN_ENUM_CONVERSION = YES;
				CLANG_WARN_INFINITE_RECURSION = YES;
				CLANG_WARN_INT_CONVERSION = YES;
				CLANG_WARN_NON_LITERAL_NULL_CONVERSION = YES;
				CLANG_WARN_OBJC_IMPLICIT_RETAIN_SELF = YES;
				CLANG_WARN_OBJC_LITERAL_CONVERSION = YES;
				CLANG_WARN_OBJC_ROOT_CLASS = YES_ERROR;
				CLANG_WARN_QUOTED_INCLUDE_IN_FRAMEWORK_HEADER = YES;
				CLANG_WARN_RANGE_LOOP_ANALYSIS = YES;
				CLANG_WARN_STRICT_PROTOTYPES = YES;
				CLANG_WARN_SUSPICIOUS_MOVE = YES;
				CLANG_WARN_UNGUARDED_AVAILABILITY = YES_AGGRESSIVE;
				CLANG_WARN_UNREACHABLE_CODE = YES;
				CLANG_WARN__DUPLICATE_METHOD_MATCH = YES;
				COPY_PHASE_STRIP = NO;
				DEBUG_INFORMATION_FORMAT = "dwarf-with-dsym";
				ENABLE_NS_ASSERTIONS = NO;
				ENABLE_STRICT_OBJC_MSGSEND = YES;
				GCC_C_LANGUAGE_STANDARD = gnu11;
				GCC_NO_COMMON_BLOCKS = YES;
				GCC_WARN_64_TO_32_BIT_CONVERSION = YES;
				GCC_WARN_ABOUT_RETURN_TYPE = YES_ERROR;
				GCC_WARN_UNDECLARED_SELECTOR = YES;
				GCC_WARN_UNINITIALIZED_AUTOS = YES_AGGRESSIVE;
				GCC_WARN_UNUSED_FUNCTION = YES;
				GCC_WARN_UNUSED_VARIABLE = YES;
				IPHONEOS_DEPLOYMENT_TARGET = 15.2;
				MTL_ENABLE_DEBUG_INFO = NO;
				MTL_FAST_MATH = YES;
				SDKROOT = iphoneos;
				SWIFT_COMPILATION_MODE = wholemodule;
				SWIFT_OPTIMIZATION_LEVEL = "-O";
				VALIDATE_PRODUCT = YES;
			};
			name = Release;
		};
		3CF078EF27BFAE3F003C5328 /* Debug */ = {
			isa = XCBuildConfiguration;
			buildSettings = {
				ASSETCATALOG_COMPILER_APPICON_NAME = AppIcon;
				ASSETCATALOG_COMPILER_GLOBAL_ACCENT_COLOR_NAME = AccentColor;
				CODE_SIGN_STYLE = Automatic;
				CURRENT_PROJECT_VERSION = 1;
				DEVELOPMENT_TEAM = 7LYWWLCN92;
				GENERATE_INFOPLIST_FILE = YES;
				INFOPLIST_FILE = UITableViewProject/Resources/Info.plist;
				INFOPLIST_KEY_UIApplicationSupportsIndirectInputEvents = YES;
				INFOPLIST_KEY_UILaunchStoryboardName = LaunchScreen;
				INFOPLIST_KEY_UISupportedInterfaceOrientations_iPad = "UIInterfaceOrientationPortrait UIInterfaceOrientationPortraitUpsideDown UIInterfaceOrientationLandscapeLeft UIInterfaceOrientationLandscapeRight";
				INFOPLIST_KEY_UISupportedInterfaceOrientations_iPhone = "UIInterfaceOrientationPortrait UIInterfaceOrientationLandscapeLeft UIInterfaceOrientationLandscapeRight";
				LD_RUNPATH_SEARCH_PATHS = (
					"$(inherited)",
					"@executable_path/Frameworks",
				);
				MARKETING_VERSION = 1.0;
				PRODUCT_BUNDLE_IDENTIFIER = tsaidov.UITableViewProject;
				PRODUCT_NAME = "$(TARGET_NAME)";
				SWIFT_EMIT_LOC_STRINGS = YES;
				SWIFT_VERSION = 5.0;
				TARGETED_DEVICE_FAMILY = "1,2";
			};
			name = Debug;
		};
		3CF078F027BFAE3F003C5328 /* Release */ = {
			isa = XCBuildConfiguration;
			buildSettings = {
				ASSETCATALOG_COMPILER_APPICON_NAME = AppIcon;
				ASSETCATALOG_COMPILER_GLOBAL_ACCENT_COLOR_NAME = AccentColor;
				CODE_SIGN_STYLE = Automatic;
				CURRENT_PROJECT_VERSION = 1;
				DEVELOPMENT_TEAM = 7LYWWLCN92;
				GENERATE_INFOPLIST_FILE = YES;
				INFOPLIST_FILE = UITableViewProject/Resources/Info.plist;
				INFOPLIST_KEY_UIApplicationSupportsIndirectInputEvents = YES;
				INFOPLIST_KEY_UILaunchStoryboardName = LaunchScreen;
				INFOPLIST_KEY_UISupportedInterfaceOrientations_iPad = "UIInterfaceOrientationPortrait UIInterfaceOrientationPortraitUpsideDown UIInterfaceOrientationLandscapeLeft UIInterfaceOrientationLandscapeRight";
				INFOPLIST_KEY_UISupportedInterfaceOrientations_iPhone = "UIInterfaceOrientationPortrait UIInterfaceOrientationLandscapeLeft UIInterfaceOrientationLandscapeRight";
				LD_RUNPATH_SEARCH_PATHS = (
					"$(inherited)",
					"@executable_path/Frameworks",
				);
				MARKETING_VERSION = 1.0;
				PRODUCT_BUNDLE_IDENTIFIER = tsaidov.UITableViewProject;
				PRODUCT_NAME = "$(TARGET_NAME)";
				SWIFT_EMIT_LOC_STRINGS = YES;
				SWIFT_VERSION = 5.0;
				TARGETED_DEVICE_FAMILY = "1,2";
			};
			name = Release;
		};
/* End XCBuildConfiguration section */

/* Begin XCConfigurationList section */
		3CF078D527BFAE3D003C5328 /* Build configuration list for PBXProject "UITableViewProject" */ = {
			isa = XCConfigurationList;
			buildConfigurations = (
				3CF078EC27BFAE3F003C5328 /* Debug */,
				3CF078ED27BFAE3F003C5328 /* Release */,
			);
			defaultConfigurationIsVisible = 0;
			defaultConfigurationName = Release;
		};
		3CF078EE27BFAE3F003C5328 /* Build configuration list for PBXNativeTarget "UITableViewProject" */ = {
			isa = XCConfigurationList;
			buildConfigurations = (
				3CF078EF27BFAE3F003C5328 /* Debug */,
				3CF078F027BFAE3F003C5328 /* Release */,
			);
			defaultConfigurationIsVisible = 0;
			defaultConfigurationName = Release;
		};
/* End XCConfigurationList section */
	};
	rootObject = 3CF078D227BFAE3D003C5328 /* Project object */;
}
